// !$*UTF8*$!
{
	archiveVersion = 1;
	classes = {
	};
	objectVersion = 48;
	objects = {

/* Begin PBXBuildFile section */
		527487F8200AD0840084FB00 /* AppDelegate.swift in Sources */ = {isa = PBXBuildFile; fileRef = 527487F7200AD0840084FB00 /* AppDelegate.swift */; };
		527487FA200AD0840084FB00 /* ViewController.swift in Sources */ = {isa = PBXBuildFile; fileRef = 527487F9200AD0840084FB00 /* ViewController.swift */; };
		527487FD200AD0840084FB00 /* Main.storyboard in Resources */ = {isa = PBXBuildFile; fileRef = 527487FB200AD0840084FB00 /* Main.storyboard */; };
		527487FF200AD0840084FB00 /* Assets.xcassets in Resources */ = {isa = PBXBuildFile; fileRef = 527487FE200AD0840084FB00 /* Assets.xcassets */; };
		52748802200AD0840084FB00 /* LaunchScreen.storyboard in Resources */ = {isa = PBXBuildFile; fileRef = 52748800200AD0840084FB00 /* LaunchScreen.storyboard */; };
		5274880D200AD0840084FB00 /* SpeechAITests.swift in Sources */ = {isa = PBXBuildFile; fileRef = 5274880C200AD0840084FB00 /* SpeechAITests.swift */; };
		52748818200AD0840084FB00 /* SpeechAIUITests.swift in Sources */ = {isa = PBXBuildFile; fileRef = 52748817200AD0840084FB00 /* SpeechAIUITests.swift */; };
		52748826200AD2550084FB00 /* Record.storyboard in Resources */ = {isa = PBXBuildFile; fileRef = 52748825200AD2550084FB00 /* Record.storyboard */; };
		52748829200AD3000084FB00 /* RecordSpeechViewController.swift in Sources */ = {isa = PBXBuildFile; fileRef = 52748828200AD3000084FB00 /* RecordSpeechViewController.swift */; };
		5274882D200ADAD60084FB00 /* DataManager.swift in Sources */ = {isa = PBXBuildFile; fileRef = 5274882C200ADAD60084FB00 /* DataManager.swift */; };
		52748833200ADB240084FB00 /* User.swift in Sources */ = {isa = PBXBuildFile; fileRef = 52748832200ADB240084FB00 /* User.swift */; };
		52748836200ADB470084FB00 /* FirebaseManager.swift in Sources */ = {isa = PBXBuildFile; fileRef = 52748835200ADB470084FB00 /* FirebaseManager.swift */; };
		52748838200AE1FF0084FB00 /* GoogleService-Info.plist in Resources */ = {isa = PBXBuildFile; fileRef = 52748837200AE1FF0084FB00 /* GoogleService-Info.plist */; };
		5274883C200AEC6A0084FB00 /* WelcomeViewController.swift in Sources */ = {isa = PBXBuildFile; fileRef = 5274883B200AEC6A0084FB00 /* WelcomeViewController.swift */; };
		5274883E200AEC7B0084FB00 /* Welcome.storyboard in Resources */ = {isa = PBXBuildFile; fileRef = 5274883D200AEC7B0084FB00 /* Welcome.storyboard */; };
		52748841200AEF0E0084FB00 /* Result.swift in Sources */ = {isa = PBXBuildFile; fileRef = 52748840200AEF0E0084FB00 /* Result.swift */; };
		52748843200AFC630084FB00 /* Speech.swift in Sources */ = {isa = PBXBuildFile; fileRef = 52748842200AFC630084FB00 /* Speech.swift */; };
		52748845200B04780084FB00 /* UserParser.swift in Sources */ = {isa = PBXBuildFile; fileRef = 52748844200B04780084FB00 /* UserParser.swift */; };
		52748847200B05190084FB00 /* SpeechParser.swift in Sources */ = {isa = PBXBuildFile; fileRef = 52748846200B05190084FB00 /* SpeechParser.swift */; };
		6F08D7B9EE08F185C59B6A91 /* Pods_SpeechAIUITests.framework in Frameworks */ = {isa = PBXBuildFile; fileRef = F3602F8E6EDDA2CE2660C185 /* Pods_SpeechAIUITests.framework */; };
		C9FBCD1E163C1E7229351361 /* Pods_SpeechAI.framework in Frameworks */ = {isa = PBXBuildFile; fileRef = 5337537DBC1435480B8AF376 /* Pods_SpeechAI.framework */; };
		D99D08766D5CD75DCC573EFD /* Pods_SpeechAITests.framework in Frameworks */ = {isa = PBXBuildFile; fileRef = 16BE6EAE26789E3F7AB23AEC /* Pods_SpeechAITests.framework */; };
/* End PBXBuildFile section */

/* Begin PBXContainerItemProxy section */
		52748809200AD0840084FB00 /* PBXContainerItemProxy */ = {
			isa = PBXContainerItemProxy;
			containerPortal = 527487EC200AD0840084FB00 /* Project object */;
			proxyType = 1;
			remoteGlobalIDString = 527487F3200AD0840084FB00;
			remoteInfo = SpeechAI;
		};
		52748814200AD0840084FB00 /* PBXContainerItemProxy */ = {
			isa = PBXContainerItemProxy;
			containerPortal = 527487EC200AD0840084FB00 /* Project object */;
			proxyType = 1;
			remoteGlobalIDString = 527487F3200AD0840084FB00;
			remoteInfo = SpeechAI;
		};
/* End PBXContainerItemProxy section */

/* Begin PBXFileReference section */
		09D74B8137C3DA8B31505837 /* Pods-SpeechAI.release.xcconfig */ = {isa = PBXFileReference; includeInIndex = 1; lastKnownFileType = text.xcconfig; name = "Pods-SpeechAI.release.xcconfig"; path = "Pods/Target Support Files/Pods-SpeechAI/Pods-SpeechAI.release.xcconfig"; sourceTree = "<group>"; };
		16BE6EAE26789E3F7AB23AEC /* Pods_SpeechAITests.framework */ = {isa = PBXFileReference; explicitFileType = wrapper.framework; includeInIndex = 0; path = Pods_SpeechAITests.framework; sourceTree = BUILT_PRODUCTS_DIR; };
		527487F4200AD0840084FB00 /* SpeechAI.app */ = {isa = PBXFileReference; explicitFileType = wrapper.application; includeInIndex = 0; path = SpeechAI.app; sourceTree = BUILT_PRODUCTS_DIR; };
		527487F7200AD0840084FB00 /* AppDelegate.swift */ = {isa = PBXFileReference; lastKnownFileType = sourcecode.swift; path = AppDelegate.swift; sourceTree = "<group>"; };
		527487F9200AD0840084FB00 /* ViewController.swift */ = {isa = PBXFileReference; lastKnownFileType = sourcecode.swift; path = ViewController.swift; sourceTree = "<group>"; };
		527487FC200AD0840084FB00 /* Base */ = {isa = PBXFileReference; lastKnownFileType = file.storyboard; name = Base; path = Base.lproj/Main.storyboard; sourceTree = "<group>"; };
		527487FE200AD0840084FB00 /* Assets.xcassets */ = {isa = PBXFileReference; lastKnownFileType = folder.assetcatalog; path = Assets.xcassets; sourceTree = "<group>"; };
		52748801200AD0840084FB00 /* Base */ = {isa = PBXFileReference; lastKnownFileType = file.storyboard; name = Base; path = Base.lproj/LaunchScreen.storyboard; sourceTree = "<group>"; };
		52748803200AD0840084FB00 /* Info.plist */ = {isa = PBXFileReference; lastKnownFileType = text.plist.xml; path = Info.plist; sourceTree = "<group>"; };
		52748808200AD0840084FB00 /* SpeechAITests.xctest */ = {isa = PBXFileReference; explicitFileType = wrapper.cfbundle; includeInIndex = 0; path = SpeechAITests.xctest; sourceTree = BUILT_PRODUCTS_DIR; };
		5274880C200AD0840084FB00 /* SpeechAITests.swift */ = {isa = PBXFileReference; lastKnownFileType = sourcecode.swift; path = SpeechAITests.swift; sourceTree = "<group>"; };
		5274880E200AD0840084FB00 /* Info.plist */ = {isa = PBXFileReference; lastKnownFileType = text.plist.xml; path = Info.plist; sourceTree = "<group>"; };
		52748813200AD0840084FB00 /* SpeechAIUITests.xctest */ = {isa = PBXFileReference; explicitFileType = wrapper.cfbundle; includeInIndex = 0; path = SpeechAIUITests.xctest; sourceTree = BUILT_PRODUCTS_DIR; };
		52748817200AD0840084FB00 /* SpeechAIUITests.swift */ = {isa = PBXFileReference; lastKnownFileType = sourcecode.swift; path = SpeechAIUITests.swift; sourceTree = "<group>"; };
		52748819200AD0840084FB00 /* Info.plist */ = {isa = PBXFileReference; lastKnownFileType = text.plist.xml; path = Info.plist; sourceTree = "<group>"; };
		52748825200AD2550084FB00 /* Record.storyboard */ = {isa = PBXFileReference; lastKnownFileType = file.storyboard; path = Record.storyboard; sourceTree = "<group>"; };
		52748828200AD3000084FB00 /* RecordSpeechViewController.swift */ = {isa = PBXFileReference; lastKnownFileType = sourcecode.swift; path = RecordSpeechViewController.swift; sourceTree = "<group>"; };
		5274882C200ADAD60084FB00 /* DataManager.swift */ = {isa = PBXFileReference; lastKnownFileType = sourcecode.swift; path = DataManager.swift; sourceTree = "<group>"; };
		52748832200ADB240084FB00 /* User.swift */ = {isa = PBXFileReference; lastKnownFileType = sourcecode.swift; path = User.swift; sourceTree = "<group>"; };
		52748835200ADB470084FB00 /* FirebaseManager.swift */ = {isa = PBXFileReference; lastKnownFileType = sourcecode.swift; path = FirebaseManager.swift; sourceTree = "<group>"; };
		52748837200AE1FF0084FB00 /* GoogleService-Info.plist */ = {isa = PBXFileReference; fileEncoding = 4; lastKnownFileType = text.plist.xml; path = "GoogleService-Info.plist"; sourceTree = "<group>"; };
		5274883B200AEC6A0084FB00 /* WelcomeViewController.swift */ = {isa = PBXFileReference; lastKnownFileType = sourcecode.swift; path = WelcomeViewController.swift; sourceTree = "<group>"; };
		5274883D200AEC7B0084FB00 /* Welcome.storyboard */ = {isa = PBXFileReference; lastKnownFileType = file.storyboard; path = Welcome.storyboard; sourceTree = "<group>"; };
		52748840200AEF0E0084FB00 /* Result.swift */ = {isa = PBXFileReference; lastKnownFileType = sourcecode.swift; path = Result.swift; sourceTree = "<group>"; };
		52748842200AFC630084FB00 /* Speech.swift */ = {isa = PBXFileReference; lastKnownFileType = sourcecode.swift; path = Speech.swift; sourceTree = "<group>"; };
		52748844200B04780084FB00 /* UserParser.swift */ = {isa = PBXFileReference; lastKnownFileType = sourcecode.swift; path = UserParser.swift; sourceTree = "<group>"; };
		52748846200B05190084FB00 /* SpeechParser.swift */ = {isa = PBXFileReference; lastKnownFileType = sourcecode.swift; path = SpeechParser.swift; sourceTree = "<group>"; };
		5337537DBC1435480B8AF376 /* Pods_SpeechAI.framework */ = {isa = PBXFileReference; explicitFileType = wrapper.framework; includeInIndex = 0; path = Pods_SpeechAI.framework; sourceTree = BUILT_PRODUCTS_DIR; };
		534550AD3A0609C40F970F72 /* Pods-SpeechAIUITests.release.xcconfig */ = {isa = PBXFileReference; includeInIndex = 1; lastKnownFileType = text.xcconfig; name = "Pods-SpeechAIUITests.release.xcconfig"; path = "Pods/Target Support Files/Pods-SpeechAIUITests/Pods-SpeechAIUITests.release.xcconfig"; sourceTree = "<group>"; };
		705BC7C01CD4AD97CE9CF42E /* Pods-SpeechAIUITests.debug.xcconfig */ = {isa = PBXFileReference; includeInIndex = 1; lastKnownFileType = text.xcconfig; name = "Pods-SpeechAIUITests.debug.xcconfig"; path = "Pods/Target Support Files/Pods-SpeechAIUITests/Pods-SpeechAIUITests.debug.xcconfig"; sourceTree = "<group>"; };
		737000CC56222DF38E33FF10 /* Pods-SpeechAITests.release.xcconfig */ = {isa = PBXFileReference; includeInIndex = 1; lastKnownFileType = text.xcconfig; name = "Pods-SpeechAITests.release.xcconfig"; path = "Pods/Target Support Files/Pods-SpeechAITests/Pods-SpeechAITests.release.xcconfig"; sourceTree = "<group>"; };
		9A8E998FD375854665E3FAAB /* Pods-SpeechAITests.debug.xcconfig */ = {isa = PBXFileReference; includeInIndex = 1; lastKnownFileType = text.xcconfig; name = "Pods-SpeechAITests.debug.xcconfig"; path = "Pods/Target Support Files/Pods-SpeechAITests/Pods-SpeechAITests.debug.xcconfig"; sourceTree = "<group>"; };
		E4745B37130922834AF78067 /* Pods-SpeechAI.debug.xcconfig */ = {isa = PBXFileReference; includeInIndex = 1; lastKnownFileType = text.xcconfig; name = "Pods-SpeechAI.debug.xcconfig"; path = "Pods/Target Support Files/Pods-SpeechAI/Pods-SpeechAI.debug.xcconfig"; sourceTree = "<group>"; };
		F3602F8E6EDDA2CE2660C185 /* Pods_SpeechAIUITests.framework */ = {isa = PBXFileReference; explicitFileType = wrapper.framework; includeInIndex = 0; path = Pods_SpeechAIUITests.framework; sourceTree = BUILT_PRODUCTS_DIR; };
/* End PBXFileReference section */

/* Begin PBXFrameworksBuildPhase section */
		527487F1200AD0840084FB00 /* Frameworks */ = {
			isa = PBXFrameworksBuildPhase;
			buildActionMask = 2147483647;
			files = (
				C9FBCD1E163C1E7229351361 /* Pods_SpeechAI.framework in Frameworks */,
			);
			runOnlyForDeploymentPostprocessing = 0;
		};
		52748805200AD0840084FB00 /* Frameworks */ = {
			isa = PBXFrameworksBuildPhase;
			buildActionMask = 2147483647;
			files = (
				D99D08766D5CD75DCC573EFD /* Pods_SpeechAITests.framework in Frameworks */,
			);
			runOnlyForDeploymentPostprocessing = 0;
		};
		52748810200AD0840084FB00 /* Frameworks */ = {
			isa = PBXFrameworksBuildPhase;
			buildActionMask = 2147483647;
			files = (
				6F08D7B9EE08F185C59B6A91 /* Pods_SpeechAIUITests.framework in Frameworks */,
			);
			runOnlyForDeploymentPostprocessing = 0;
		};
/* End PBXFrameworksBuildPhase section */

/* Begin PBXGroup section */
		527487EB200AD0840084FB00 = {
			isa = PBXGroup;
			children = (
				527487F6200AD0840084FB00 /* SpeechAI */,
				5274880B200AD0840084FB00 /* SpeechAITests */,
				52748816200AD0840084FB00 /* SpeechAIUITests */,
				527487F5200AD0840084FB00 /* Products */,
				7FF21F30A1DAE776BFB42266 /* Pods */,
				A56AEE259E7D318CFBF42DE3 /* Frameworks */,
			);
			sourceTree = "<group>";
		};
		527487F5200AD0840084FB00 /* Products */ = {
			isa = PBXGroup;
			children = (
				527487F4200AD0840084FB00 /* SpeechAI.app */,
				52748808200AD0840084FB00 /* SpeechAITests.xctest */,
				52748813200AD0840084FB00 /* SpeechAIUITests.xctest */,
			);
			name = Products;
			sourceTree = "<group>";
		};
		527487F6200AD0840084FB00 /* SpeechAI */ = {
			isa = PBXGroup;
			children = (
				52748839200AEC4C0084FB00 /* Modules */,
				527487F7200AD0840084FB00 /* AppDelegate.swift */,
				527487F9200AD0840084FB00 /* ViewController.swift */,
				527487FB200AD0840084FB00 /* Main.storyboard */,
				52748834200ADB280084FB00 /* Models */,
				52748831200ADB170084FB00 /* Services */,
				527487FE200AD0840084FB00 /* Assets.xcassets */,
				52748800200AD0840084FB00 /* LaunchScreen.storyboard */,
				52748803200AD0840084FB00 /* Info.plist */,
				52748837200AE1FF0084FB00 /* GoogleService-Info.plist */,
				52748840200AEF0E0084FB00 /* Result.swift */,
			);
			path = SpeechAI;
			sourceTree = "<group>";
		};
		5274880B200AD0840084FB00 /* SpeechAITests */ = {
			isa = PBXGroup;
			children = (
				5274880C200AD0840084FB00 /* SpeechAITests.swift */,
				5274880E200AD0840084FB00 /* Info.plist */,
			);
			path = SpeechAITests;
			sourceTree = "<group>";
		};
		52748816200AD0840084FB00 /* SpeechAIUITests */ = {
			isa = PBXGroup;
			children = (
				52748817200AD0840084FB00 /* SpeechAIUITests.swift */,
				52748819200AD0840084FB00 /* Info.plist */,
			);
			path = SpeechAIUITests;
			sourceTree = "<group>";
		};
		52748827200AD2DE0084FB00 /* RecordSpeech */ = {
			isa = PBXGroup;
			children = (
				52748825200AD2550084FB00 /* Record.storyboard */,
				52748828200AD3000084FB00 /* RecordSpeechViewController.swift */,
			);
			path = RecordSpeech;
			sourceTree = "<group>";
		};
		52748831200ADB170084FB00 /* Services */ = {
			isa = PBXGroup;
			children = (
				5274882C200ADAD60084FB00 /* DataManager.swift */,
				52748835200ADB470084FB00 /* FirebaseManager.swift */,
				52748844200B04780084FB00 /* UserParser.swift */,
				52748846200B05190084FB00 /* SpeechParser.swift */,
			);
			path = Services;
			sourceTree = "<group>";
		};
		52748834200ADB280084FB00 /* Models */ = {
			isa = PBXGroup;
			children = (
				52748832200ADB240084FB00 /* User.swift */,
				52748842200AFC630084FB00 /* Speech.swift */,
			);
			path = Models;
			sourceTree = "<group>";
		};
		52748839200AEC4C0084FB00 /* Modules */ = {
			isa = PBXGroup;
			children = (
				5274883A200AEC5C0084FB00 /* Welcome */,
				52748827200AD2DE0084FB00 /* RecordSpeech */,
			);
			path = Modules;
			sourceTree = "<group>";
		};
		5274883A200AEC5C0084FB00 /* Welcome */ = {
			isa = PBXGroup;
			children = (
				5274883B200AEC6A0084FB00 /* WelcomeViewController.swift */,
				5274883D200AEC7B0084FB00 /* Welcome.storyboard */,
			);
			path = Welcome;
			sourceTree = "<group>";
		};
		7FF21F30A1DAE776BFB42266 /* Pods */ = {
			isa = PBXGroup;
			children = (
				E4745B37130922834AF78067 /* Pods-SpeechAI.debug.xcconfig */,
				09D74B8137C3DA8B31505837 /* Pods-SpeechAI.release.xcconfig */,
				9A8E998FD375854665E3FAAB /* Pods-SpeechAITests.debug.xcconfig */,
				737000CC56222DF38E33FF10 /* Pods-SpeechAITests.release.xcconfig */,
				705BC7C01CD4AD97CE9CF42E /* Pods-SpeechAIUITests.debug.xcconfig */,
				534550AD3A0609C40F970F72 /* Pods-SpeechAIUITests.release.xcconfig */,
			);
			name = Pods;
			sourceTree = "<group>";
		};
		A56AEE259E7D318CFBF42DE3 /* Frameworks */ = {
			isa = PBXGroup;
			children = (
				5337537DBC1435480B8AF376 /* Pods_SpeechAI.framework */,
				16BE6EAE26789E3F7AB23AEC /* Pods_SpeechAITests.framework */,
				F3602F8E6EDDA2CE2660C185 /* Pods_SpeechAIUITests.framework */,
			);
			name = Frameworks;
			sourceTree = "<group>";
		};
/* End PBXGroup section */

/* Begin PBXNativeTarget section */
		527487F3200AD0840084FB00 /* SpeechAI */ = {
			isa = PBXNativeTarget;
			buildConfigurationList = 5274881C200AD0840084FB00 /* Build configuration list for PBXNativeTarget "SpeechAI" */;
			buildPhases = (
				9E7EAF5A4807D1F232B371F0 /* [CP] Check Pods Manifest.lock */,
				527487F0200AD0840084FB00 /* Sources */,
				527487F1200AD0840084FB00 /* Frameworks */,
				527487F2200AD0840084FB00 /* Resources */,
				57118206A4CE5631B3E73AE0 /* [CP] Embed Pods Frameworks */,
				BB3D3FB725F25CF506D1DC07 /* [CP] Copy Pods Resources */,
			);
			buildRules = (
			);
			dependencies = (
			);
			name = SpeechAI;
			productName = SpeechAI;
			productReference = 527487F4200AD0840084FB00 /* SpeechAI.app */;
			productType = "com.apple.product-type.application";
		};
		52748807200AD0840084FB00 /* SpeechAITests */ = {
			isa = PBXNativeTarget;
			buildConfigurationList = 5274881F200AD0840084FB00 /* Build configuration list for PBXNativeTarget "SpeechAITests" */;
			buildPhases = (
				31A5AAE96FE74C4639699175 /* [CP] Check Pods Manifest.lock */,
				52748804200AD0840084FB00 /* Sources */,
				52748805200AD0840084FB00 /* Frameworks */,
				52748806200AD0840084FB00 /* Resources */,
				E0220370F54BE1372E490D76 /* [CP] Embed Pods Frameworks */,
				9C5548B4213B847F5CD850A9 /* [CP] Copy Pods Resources */,
			);
			buildRules = (
			);
			dependencies = (
				5274880A200AD0840084FB00 /* PBXTargetDependency */,
			);
			name = SpeechAITests;
			productName = SpeechAITests;
			productReference = 52748808200AD0840084FB00 /* SpeechAITests.xctest */;
			productType = "com.apple.product-type.bundle.unit-test";
		};
		52748812200AD0840084FB00 /* SpeechAIUITests */ = {
			isa = PBXNativeTarget;
			buildConfigurationList = 52748822200AD0840084FB00 /* Build configuration list for PBXNativeTarget "SpeechAIUITests" */;
			buildPhases = (
				6EA639874F9D6DED42DA5F5A /* [CP] Check Pods Manifest.lock */,
				5274880F200AD0840084FB00 /* Sources */,
				52748810200AD0840084FB00 /* Frameworks */,
				52748811200AD0840084FB00 /* Resources */,
				B74C3D1C84D0469C349C6F09 /* [CP] Embed Pods Frameworks */,
				57E073B895500AA56F2F3EFE /* [CP] Copy Pods Resources */,
			);
			buildRules = (
			);
			dependencies = (
				52748815200AD0840084FB00 /* PBXTargetDependency */,
			);
			name = SpeechAIUITests;
			productName = SpeechAIUITests;
			productReference = 52748813200AD0840084FB00 /* SpeechAIUITests.xctest */;
			productType = "com.apple.product-type.bundle.ui-testing";
		};
/* End PBXNativeTarget section */

/* Begin PBXProject section */
		527487EC200AD0840084FB00 /* Project object */ = {
			isa = PBXProject;
			attributes = {
				LastSwiftUpdateCheck = 0920;
				LastUpgradeCheck = 0920;
				ORGANIZATIONNAME = Speak;
				TargetAttributes = {
					527487F3200AD0840084FB00 = {
						CreatedOnToolsVersion = 9.2;
						ProvisioningStyle = Automatic;
					};
					52748807200AD0840084FB00 = {
						CreatedOnToolsVersion = 9.2;
						ProvisioningStyle = Automatic;
						TestTargetID = 527487F3200AD0840084FB00;
					};
					52748812200AD0840084FB00 = {
						CreatedOnToolsVersion = 9.2;
						ProvisioningStyle = Automatic;
						TestTargetID = 527487F3200AD0840084FB00;
					};
				};
			};
			buildConfigurationList = 527487EF200AD0840084FB00 /* Build configuration list for PBXProject "SpeechAI" */;
			compatibilityVersion = "Xcode 8.0";
			developmentRegion = en;
			hasScannedForEncodings = 0;
			knownRegions = (
				en,
				Base,
			);
			mainGroup = 527487EB200AD0840084FB00;
			productRefGroup = 527487F5200AD0840084FB00 /* Products */;
			projectDirPath = "";
			projectRoot = "";
			targets = (
				527487F3200AD0840084FB00 /* SpeechAI */,
				52748807200AD0840084FB00 /* SpeechAITests */,
				52748812200AD0840084FB00 /* SpeechAIUITests */,
			);
		};
/* End PBXProject section */

/* Begin PBXResourcesBuildPhase section */
		527487F2200AD0840084FB00 /* Resources */ = {
			isa = PBXResourcesBuildPhase;
			buildActionMask = 2147483647;
			files = (
				52748802200AD0840084FB00 /* LaunchScreen.storyboard in Resources */,
				527487FF200AD0840084FB00 /* Assets.xcassets in Resources */,
				52748838200AE1FF0084FB00 /* GoogleService-Info.plist in Resources */,
				527487FD200AD0840084FB00 /* Main.storyboard in Resources */,
				52748826200AD2550084FB00 /* Record.storyboard in Resources */,
				5274883E200AEC7B0084FB00 /* Welcome.storyboard in Resources */,
			);
			runOnlyForDeploymentPostprocessing = 0;
		};
		52748806200AD0840084FB00 /* Resources */ = {
			isa = PBXResourcesBuildPhase;
			buildActionMask = 2147483647;
			files = (
			);
			runOnlyForDeploymentPostprocessing = 0;
		};
		52748811200AD0840084FB00 /* Resources */ = {
			isa = PBXResourcesBuildPhase;
			buildActionMask = 2147483647;
			files = (
			);
			runOnlyForDeploymentPostprocessing = 0;
		};
/* End PBXResourcesBuildPhase section */

/* Begin PBXShellScriptBuildPhase section */
		31A5AAE96FE74C4639699175 /* [CP] Check Pods Manifest.lock */ = {
			isa = PBXShellScriptBuildPhase;
			buildActionMask = 2147483647;
			files = (
			);
			inputPaths = (
				"${PODS_PODFILE_DIR_PATH}/Podfile.lock",
				"${PODS_ROOT}/Manifest.lock",
			);
			name = "[CP] Check Pods Manifest.lock";
			outputPaths = (
				"$(DERIVED_FILE_DIR)/Pods-SpeechAITests-checkManifestLockResult.txt",
			);
			runOnlyForDeploymentPostprocessing = 0;
			shellPath = /bin/sh;
			shellScript = "diff \"${PODS_PODFILE_DIR_PATH}/Podfile.lock\" \"${PODS_ROOT}/Manifest.lock\" > /dev/null\nif [ $? != 0 ] ; then\n    # print error to STDERR\n    echo \"error: The sandbox is not in sync with the Podfile.lock. Run 'pod install' or update your CocoaPods installation.\" >&2\n    exit 1\nfi\n# This output is used by Xcode 'outputs' to avoid re-running this script phase.\necho \"SUCCESS\" > \"${SCRIPT_OUTPUT_FILE_0}\"\n";
			showEnvVarsInLog = 0;
		};
		57118206A4CE5631B3E73AE0 /* [CP] Embed Pods Frameworks */ = {
			isa = PBXShellScriptBuildPhase;
			buildActionMask = 2147483647;
			files = (
			);
			inputPaths = (
				"${SRCROOT}/Pods/Target Support Files/Pods-SpeechAI/Pods-SpeechAI-frameworks.sh",
				"${BUILT_PRODUCTS_DIR}/GTMSessionFetcher/GTMSessionFetcher.framework",
				"${BUILT_PRODUCTS_DIR}/GoogleToolboxForMac/GoogleToolboxForMac.framework",
				"${BUILT_PRODUCTS_DIR}/leveldb-library/leveldb.framework",
				"${BUILT_PRODUCTS_DIR}/nanopb/nanopb.framework",
			);
			name = "[CP] Embed Pods Frameworks";
			outputPaths = (
				"${TARGET_BUILD_DIR}/${FRAMEWORKS_FOLDER_PATH}/GTMSessionFetcher.framework",
				"${TARGET_BUILD_DIR}/${FRAMEWORKS_FOLDER_PATH}/GoogleToolboxForMac.framework",
				"${TARGET_BUILD_DIR}/${FRAMEWORKS_FOLDER_PATH}/leveldb.framework",
				"${TARGET_BUILD_DIR}/${FRAMEWORKS_FOLDER_PATH}/nanopb.framework",
			);
			runOnlyForDeploymentPostprocessing = 0;
			shellPath = /bin/sh;
			shellScript = "\"${SRCROOT}/Pods/Target Support Files/Pods-SpeechAI/Pods-SpeechAI-frameworks.sh\"\n";
			showEnvVarsInLog = 0;
		};
		57E073B895500AA56F2F3EFE /* [CP] Copy Pods Resources */ = {
			isa = PBXShellScriptBuildPhase;
			buildActionMask = 2147483647;
			files = (
			);
			inputPaths = (
			);
			name = "[CP] Copy Pods Resources";
			outputPaths = (
			);
			runOnlyForDeploymentPostprocessing = 0;
			shellPath = /bin/sh;
			shellScript = "\"${SRCROOT}/Pods/Target Support Files/Pods-SpeechAIUITests/Pods-SpeechAIUITests-resources.sh\"\n";
			showEnvVarsInLog = 0;
		};
		6EA639874F9D6DED42DA5F5A /* [CP] Check Pods Manifest.lock */ = {
			isa = PBXShellScriptBuildPhase;
			buildActionMask = 2147483647;
			files = (
			);
			inputPaths = (
				"${PODS_PODFILE_DIR_PATH}/Podfile.lock",
				"${PODS_ROOT}/Manifest.lock",
			);
			name = "[CP] Check Pods Manifest.lock";
			outputPaths = (
				"$(DERIVED_FILE_DIR)/Pods-SpeechAIUITests-checkManifestLockResult.txt",
			);
			runOnlyForDeploymentPostprocessing = 0;
			shellPath = /bin/sh;
			shellScript = "diff \"${PODS_PODFILE_DIR_PATH}/Podfile.lock\" \"${PODS_ROOT}/Manifest.lock\" > /dev/null\nif [ $? != 0 ] ; then\n    # print error to STDERR\n    echo \"error: The sandbox is not in sync with the Podfile.lock. Run 'pod install' or update your CocoaPods installation.\" >&2\n    exit 1\nfi\n# This output is used by Xcode 'outputs' to avoid re-running this script phase.\necho \"SUCCESS\" > \"${SCRIPT_OUTPUT_FILE_0}\"\n";
			showEnvVarsInLog = 0;
		};
		9C5548B4213B847F5CD850A9 /* [CP] Copy Pods Resources */ = {
			isa = PBXShellScriptBuildPhase;
			buildActionMask = 2147483647;
			files = (
			);
			inputPaths = (
			);
			name = "[CP] Copy Pods Resources";
			outputPaths = (
			);
			runOnlyForDeploymentPostprocessing = 0;
			shellPath = /bin/sh;
			shellScript = "\"${SRCROOT}/Pods/Target Support Files/Pods-SpeechAITests/Pods-SpeechAITests-resources.sh\"\n";
			showEnvVarsInLog = 0;
		};
		9E7EAF5A4807D1F232B371F0 /* [CP] Check Pods Manifest.lock */ = {
			isa = PBXShellScriptBuildPhase;
			buildActionMask = 2147483647;
			files = (
			);
			inputPaths = (
				"${PODS_PODFILE_DIR_PATH}/Podfile.lock",
				"${PODS_ROOT}/Manifest.lock",
			);
			name = "[CP] Check Pods Manifest.lock";
			outputPaths = (
				"$(DERIVED_FILE_DIR)/Pods-SpeechAI-checkManifestLockResult.txt",
			);
			runOnlyForDeploymentPostprocessing = 0;
			shellPath = /bin/sh;
			shellScript = "diff \"${PODS_PODFILE_DIR_PATH}/Podfile.lock\" \"${PODS_ROOT}/Manifest.lock\" > /dev/null\nif [ $? != 0 ] ; then\n    # print error to STDERR\n    echo \"error: The sandbox is not in sync with the Podfile.lock. Run 'pod install' or update your CocoaPods installation.\" >&2\n    exit 1\nfi\n# This output is used by Xcode 'outputs' to avoid re-running this script phase.\necho \"SUCCESS\" > \"${SCRIPT_OUTPUT_FILE_0}\"\n";
			showEnvVarsInLog = 0;
		};
		B74C3D1C84D0469C349C6F09 /* [CP] Embed Pods Frameworks */ = {
			isa = PBXShellScriptBuildPhase;
			buildActionMask = 2147483647;
			files = (
			);
			inputPaths = (
			);
			name = "[CP] Embed Pods Frameworks";
			outputPaths = (
			);
			runOnlyForDeploymentPostprocessing = 0;
			shellPath = /bin/sh;
			shellScript = "\"${SRCROOT}/Pods/Target Support Files/Pods-SpeechAIUITests/Pods-SpeechAIUITests-frameworks.sh\"\n";
			showEnvVarsInLog = 0;
		};
		BB3D3FB725F25CF506D1DC07 /* [CP] Copy Pods Resources */ = {
			isa = PBXShellScriptBuildPhase;
			buildActionMask = 2147483647;
			files = (
			);
			inputPaths = (
			);
			name = "[CP] Copy Pods Resources";
			outputPaths = (
			);
			runOnlyForDeploymentPostprocessing = 0;
			shellPath = /bin/sh;
			shellScript = "\"${SRCROOT}/Pods/Target Support Files/Pods-SpeechAI/Pods-SpeechAI-resources.sh\"\n";
			showEnvVarsInLog = 0;
		};
		E0220370F54BE1372E490D76 /* [CP] Embed Pods Frameworks */ = {
			isa = PBXShellScriptBuildPhase;
			buildActionMask = 2147483647;
			files = (
			);
			inputPaths = (
			);
			name = "[CP] Embed Pods Frameworks";
			outputPaths = (
			);
			runOnlyForDeploymentPostprocessing = 0;
			shellPath = /bin/sh;
			shellScript = "\"${SRCROOT}/Pods/Target Support Files/Pods-SpeechAITests/Pods-SpeechAITests-frameworks.sh\"\n";
			showEnvVarsInLog = 0;
		};
/* End PBXShellScriptBuildPhase section */

/* Begin PBXSourcesBuildPhase section */
		527487F0200AD0840084FB00 /* Sources */ = {
			isa = PBXSourcesBuildPhase;
			buildActionMask = 2147483647;
			files = (
				52748843200AFC630084FB00 /* Speech.swift in Sources */,
				52748845200B04780084FB00 /* UserParser.swift in Sources */,
				52748836200ADB470084FB00 /* FirebaseManager.swift in Sources */,
				52748829200AD3000084FB00 /* RecordSpeechViewController.swift in Sources */,
				52748847200B05190084FB00 /* SpeechParser.swift in Sources */,
				5274882D200ADAD60084FB00 /* DataManager.swift in Sources */,
				527487FA200AD0840084FB00 /* ViewController.swift in Sources */,
				52748833200ADB240084FB00 /* User.swift in Sources */,
				527487F8200AD0840084FB00 /* AppDelegate.swift in Sources */,
				52748841200AEF0E0084FB00 /* Result.swift in Sources */,
				5274883C200AEC6A0084FB00 /* WelcomeViewController.swift in Sources */,
			);
			runOnlyForDeploymentPostprocessing = 0;
		};
		52748804200AD0840084FB00 /* Sources */ = {
			isa = PBXSourcesBuildPhase;
			buildActionMask = 2147483647;
			files = (
				5274880D200AD0840084FB00 /* SpeechAITests.swift in Sources */,
			);
			runOnlyForDeploymentPostprocessing = 0;
		};
		5274880F200AD0840084FB00 /* Sources */ = {
			isa = PBXSourcesBuildPhase;
			buildActionMask = 2147483647;
			files = (
				52748818200AD0840084FB00 /* SpeechAIUITests.swift in Sources */,
			);
			runOnlyForDeploymentPostprocessing = 0;
		};
/* End PBXSourcesBuildPhase section */

/* Begin PBXTargetDependency section */
		5274880A200AD0840084FB00 /* PBXTargetDependency */ = {
			isa = PBXTargetDependency;
			target = 527487F3200AD0840084FB00 /* SpeechAI */;
			targetProxy = 52748809200AD0840084FB00 /* PBXContainerItemProxy */;
		};
		52748815200AD0840084FB00 /* PBXTargetDependency */ = {
			isa = PBXTargetDependency;
			target = 527487F3200AD0840084FB00 /* SpeechAI */;
			targetProxy = 52748814200AD0840084FB00 /* PBXContainerItemProxy */;
		};
/* End PBXTargetDependency section */

/* Begin PBXVariantGroup section */
		527487FB200AD0840084FB00 /* Main.storyboard */ = {
			isa = PBXVariantGroup;
			children = (
				527487FC200AD0840084FB00 /* Base */,
			);
			name = Main.storyboard;
			sourceTree = "<group>";
		};
		52748800200AD0840084FB00 /* LaunchScreen.storyboard */ = {
			isa = PBXVariantGroup;
			children = (
				52748801200AD0840084FB00 /* Base */,
			);
			name = LaunchScreen.storyboard;
			sourceTree = "<group>";
		};
/* End PBXVariantGroup section */

/* Begin XCBuildConfiguration section */
		5274881A200AD0840084FB00 /* Debug */ = {
			isa = XCBuildConfiguration;
			buildSettings = {
				ALWAYS_SEARCH_USER_PATHS = NO;
				CLANG_ANALYZER_NONNULL = YES;
				CLANG_ANALYZER_NUMBER_OBJECT_CONVERSION = YES_AGGRESSIVE;
				CLANG_CXX_LANGUAGE_STANDARD = "gnu++14";
				CLANG_CXX_LIBRARY = "libc++";
				CLANG_ENABLE_MODULES = YES;
				CLANG_ENABLE_OBJC_ARC = YES;
				CLANG_WARN_BLOCK_CAPTURE_AUTORELEASING = YES;
				CLANG_WARN_BOOL_CONVERSION = YES;
				CLANG_WARN_COMMA = YES;
				CLANG_WARN_CONSTANT_CONVERSION = YES;
				CLANG_WARN_DIRECT_OBJC_ISA_USAGE = YES_ERROR;
				CLANG_WARN_DOCUMENTATION_COMMENTS = YES;
				CLANG_WARN_EMPTY_BODY = YES;
				CLANG_WARN_ENUM_CONVERSION = YES;
				CLANG_WARN_INFINITE_RECURSION = YES;
				CLANG_WARN_INT_CONVERSION = YES;
				CLANG_WARN_NON_LITERAL_NULL_CONVERSION = YES;
				CLANG_WARN_OBJC_LITERAL_CONVERSION = YES;
				CLANG_WARN_OBJC_ROOT_CLASS = YES_ERROR;
				CLANG_WARN_RANGE_LOOP_ANALYSIS = YES;
				CLANG_WARN_STRICT_PROTOTYPES = YES;
				CLANG_WARN_SUSPICIOUS_MOVE = YES;
				CLANG_WARN_UNGUARDED_AVAILABILITY = YES_AGGRESSIVE;
				CLANG_WARN_UNREACHABLE_CODE = YES;
				CLANG_WARN__DUPLICATE_METHOD_MATCH = YES;
				CODE_SIGN_IDENTITY = "iPhone Developer";
				COPY_PHASE_STRIP = NO;
				DEBUG_INFORMATION_FORMAT = dwarf;
				ENABLE_STRICT_OBJC_MSGSEND = YES;
				ENABLE_TESTABILITY = YES;
				GCC_C_LANGUAGE_STANDARD = gnu11;
				GCC_DYNAMIC_NO_PIC = NO;
				GCC_NO_COMMON_BLOCKS = YES;
				GCC_OPTIMIZATION_LEVEL = 0;
				GCC_PREPROCESSOR_DEFINITIONS = (
					"DEBUG=1",
					"$(inherited)",
				);
				GCC_WARN_64_TO_32_BIT_CONVERSION = YES;
				GCC_WARN_ABOUT_RETURN_TYPE = YES_ERROR;
				GCC_WARN_UNDECLARED_SELECTOR = YES;
				GCC_WARN_UNINITIALIZED_AUTOS = YES_AGGRESSIVE;
				GCC_WARN_UNUSED_FUNCTION = YES;
				GCC_WARN_UNUSED_VARIABLE = YES;
				IPHONEOS_DEPLOYMENT_TARGET = 11.2;
				MTL_ENABLE_DEBUG_INFO = YES;
				ONLY_ACTIVE_ARCH = YES;
				SDKROOT = iphoneos;
				SWIFT_ACTIVE_COMPILATION_CONDITIONS = DEBUG;
				SWIFT_OPTIMIZATION_LEVEL = "-Onone";
			};
			name = Debug;
		};
		5274881B200AD0840084FB00 /* Release */ = {
			isa = XCBuildConfiguration;
			buildSettings = {
				ALWAYS_SEARCH_USER_PATHS = NO;
				CLANG_ANALYZER_NONNULL = YES;
				CLANG_ANALYZER_NUMBER_OBJECT_CONVERSION = YES_AGGRESSIVE;
				CLANG_CXX_LANGUAGE_STANDARD = "gnu++14";
				CLANG_CXX_LIBRARY = "libc++";
				CLANG_ENABLE_MODULES = YES;
				CLANG_ENABLE_OBJC_ARC = YES;
				CLANG_WARN_BLOCK_CAPTURE_AUTORELEASING = YES;
				CLANG_WARN_BOOL_CONVERSION = YES;
				CLANG_WARN_COMMA = YES;
				CLANG_WARN_CONSTANT_CONVERSION = YES;
				CLANG_WARN_DIRECT_OBJC_ISA_USAGE = YES_ERROR;
				CLANG_WARN_DOCUMENTATION_COMMENTS = YES;
				CLANG_WARN_EMPTY_BODY = YES;
				CLANG_WARN_ENUM_CONVERSION = YES;
				CLANG_WARN_INFINITE_RECURSION = YES;
				CLANG_WARN_INT_CONVERSION = YES;
				CLANG_WARN_NON_LITERAL_NULL_CONVERSION = YES;
				CLANG_WARN_OBJC_LITERAL_CONVERSION = YES;
				CLANG_WARN_OBJC_ROOT_CLASS = YES_ERROR;
				CLANG_WARN_RANGE_LOOP_ANALYSIS = YES;
				CLANG_WARN_STRICT_PROTOTYPES = YES;
				CLANG_WARN_SUSPICIOUS_MOVE = YES;
				CLANG_WARN_UNGUARDED_AVAILABILITY = YES_AGGRESSIVE;
				CLANG_WARN_UNREACHABLE_CODE = YES;
				CLANG_WARN__DUPLICATE_METHOD_MATCH = YES;
				CODE_SIGN_IDENTITY = "iPhone Developer";
				COPY_PHASE_STRIP = NO;
				DEBUG_INFORMATION_FORMAT = "dwarf-with-dsym";
				ENABLE_NS_ASSERTIONS = NO;
				ENABLE_STRICT_OBJC_MSGSEND = YES;
				GCC_C_LANGUAGE_STANDARD = gnu11;
				GCC_NO_COMMON_BLOCKS = YES;
				GCC_WARN_64_TO_32_BIT_CONVERSION = YES;
				GCC_WARN_ABOUT_RETURN_TYPE = YES_ERROR;
				GCC_WARN_UNDECLARED_SELECTOR = YES;
				GCC_WARN_UNINITIALIZED_AUTOS = YES_AGGRESSIVE;
				GCC_WARN_UNUSED_FUNCTION = YES;
				GCC_WARN_UNUSED_VARIABLE = YES;
				IPHONEOS_DEPLOYMENT_TARGET = 11.2;
				MTL_ENABLE_DEBUG_INFO = NO;
				SDKROOT = iphoneos;
				SWIFT_OPTIMIZATION_LEVEL = "-Owholemodule";
				VALIDATE_PRODUCT = YES;
			};
			name = Release;
		};
		5274881D200AD0840084FB00 /* Debug */ = {
			isa = XCBuildConfiguration;
			baseConfigurationReference = E4745B37130922834AF78067 /* Pods-SpeechAI.debug.xcconfig */;
			buildSettings = {
				ASSETCATALOG_COMPILER_APPICON_NAME = AppIcon;
				CODE_SIGN_STYLE = Automatic;
				DEVELOPMENT_TEAM = AX2D84BZ47;
				INFOPLIST_FILE = SpeechAI/Info.plist;
				LD_RUNPATH_SEARCH_PATHS = "$(inherited) @executable_path/Frameworks";
				PRODUCT_BUNDLE_IDENTIFIER = speak.SpeechAI;
				PRODUCT_NAME = "$(TARGET_NAME)";
				SWIFT_VERSION = 4.0;
				TARGETED_DEVICE_FAMILY = "1,2";
			};
			name = Debug;
		};
		5274881E200AD0840084FB00 /* Release */ = {
			isa = XCBuildConfiguration;
			baseConfigurationReference = 09D74B8137C3DA8B31505837 /* Pods-SpeechAI.release.xcconfig */;
			buildSettings = {
				ASSETCATALOG_COMPILER_APPICON_NAME = AppIcon;
				CODE_SIGN_STYLE = Automatic;
				DEVELOPMENT_TEAM = AX2D84BZ47;
				INFOPLIST_FILE = SpeechAI/Info.plist;
				LD_RUNPATH_SEARCH_PATHS = "$(inherited) @executable_path/Frameworks";
				PRODUCT_BUNDLE_IDENTIFIER = speak.SpeechAI;
				PRODUCT_NAME = "$(TARGET_NAME)";
				SWIFT_VERSION = 4.0;
				TARGETED_DEVICE_FAMILY = "1,2";
			};
			name = Release;
		};
		52748820200AD0840084FB00 /* Debug */ = {
			isa = XCBuildConfiguration;
			baseConfigurationReference = 9A8E998FD375854665E3FAAB /* Pods-SpeechAITests.debug.xcconfig */;
			buildSettings = {
				ALWAYS_EMBED_SWIFT_STANDARD_LIBRARIES = YES;
				BUNDLE_LOADER = "$(TEST_HOST)";
				CODE_SIGN_STYLE = Automatic;
				INFOPLIST_FILE = SpeechAITests/Info.plist;
				LD_RUNPATH_SEARCH_PATHS = "$(inherited) @executable_path/Frameworks @loader_path/Frameworks";
				PRODUCT_BUNDLE_IDENTIFIER = speak.SpeechAITests;
				PRODUCT_NAME = "$(TARGET_NAME)";
				SWIFT_VERSION = 4.0;
				TARGETED_DEVICE_FAMILY = "1,2";
				TEST_HOST = "$(BUILT_PRODUCTS_DIR)/SpeechAI.app/SpeechAI";
			};
			name = Debug;
		};
		52748821200AD0840084FB00 /* Release */ = {
			isa = XCBuildConfiguration;
			baseConfigurationReference = 737000CC56222DF38E33FF10 /* Pods-SpeechAITests.release.xcconfig */;
			buildSettings = {
				ALWAYS_EMBED_SWIFT_STANDARD_LIBRARIES = YES;
				BUNDLE_LOADER = "$(TEST_HOST)";
				CODE_SIGN_STYLE = Automatic;
				INFOPLIST_FILE = SpeechAITests/Info.plist;
				LD_RUNPATH_SEARCH_PATHS = "$(inherited) @executable_path/Frameworks @loader_path/Frameworks";
				PRODUCT_BUNDLE_IDENTIFIER = speak.SpeechAITests;
				PRODUCT_NAME = "$(TARGET_NAME)";
				SWIFT_VERSION = 4.0;
				TARGETED_DEVICE_FAMILY = "1,2";
				TEST_HOST = "$(BUILT_PRODUCTS_DIR)/SpeechAI.app/SpeechAI";
			};
			name = Release;
		};
		52748823200AD0840084FB00 /* Debug */ = {
			isa = XCBuildConfiguration;
			baseConfigurationReference = 705BC7C01CD4AD97CE9CF42E /* Pods-SpeechAIUITests.debug.xcconfig */;
			buildSettings = {
				ALWAYS_EMBED_SWIFT_STANDARD_LIBRARIES = YES;
				CODE_SIGN_STYLE = Automatic;
				INFOPLIST_FILE = SpeechAIUITests/Info.plist;
				LD_RUNPATH_SEARCH_PATHS = "$(inherited) @executable_path/Frameworks @loader_path/Frameworks";
				PRODUCT_BUNDLE_IDENTIFIER = speak.SpeechAIUITests;
				PRODUCT_NAME = "$(TARGET_NAME)";
				SWIFT_VERSION = 4.0;
				TARGETED_DEVICE_FAMILY = "1,2";
				TEST_TARGET_NAME = SpeechAI;
			};
			name = Debug;
		};
		52748824200AD0840084FB00 /* Release */ = {
			isa = XCBuildConfiguration;
			baseConfigurationReference = 534550AD3A0609C40F970F72 /* Pods-SpeechAIUITests.release.xcconfig */;
			buildSettings = {
				ALWAYS_EMBED_SWIFT_STANDARD_LIBRARIES = YES;
				CODE_SIGN_STYLE = Automatic;
				INFOPLIST_FILE = SpeechAIUITests/Info.plist;
				LD_RUNPATH_SEARCH_PATHS = "$(inherited) @executable_path/Frameworks @loader_path/Frameworks";
				PRODUCT_BUNDLE_IDENTIFIER = speak.SpeechAIUITests;
				PRODUCT_NAME = "$(TARGET_NAME)";
				SWIFT_VERSION = 4.0;
				TARGETED_DEVICE_FAMILY = "1,2";
				TEST_TARGET_NAME = SpeechAI;
			};
			name = Release;
		};
/* End XCBuildConfiguration section */

/* Begin XCConfigurationList section */
		527487EF200AD0840084FB00 /* Build configuration list for PBXProject "SpeechAI" */ = {
			isa = XCConfigurationList;
			buildConfigurations = (
				5274881A200AD0840084FB00 /* Debug */,
				5274881B200AD0840084FB00 /* Release */,
			);
			defaultConfigurationIsVisible = 0;
			defaultConfigurationName = Release;
		};
		5274881C200AD0840084FB00 /* Build configuration list for PBXNativeTarget "SpeechAI" */ = {
			isa = XCConfigurationList;
			buildConfigurations = (
				5274881D200AD0840084FB00 /* Debug */,
				5274881E200AD0840084FB00 /* Release */,
			);
			defaultConfigurationIsVisible = 0;
			defaultConfigurationName = Release;
		};
		5274881F200AD0840084FB00 /* Build configuration list for PBXNativeTarget "SpeechAITests" */ = {
			isa = XCConfigurationList;
			buildConfigurations = (
				52748820200AD0840084FB00 /* Debug */,
				52748821200AD0840084FB00 /* Release */,
			);
			defaultConfigurationIsVisible = 0;
			defaultConfigurationName = Release;
		};
		52748822200AD0840084FB00 /* Build configuration list for PBXNativeTarget "SpeechAIUITests" */ = {
			isa = XCConfigurationList;
			buildConfigurations = (
				52748823200AD0840084FB00 /* Debug */,
				52748824200AD0840084FB00 /* Release */,
			);
			defaultConfigurationIsVisible = 0;
			defaultConfigurationName = Release;
		};
/* End XCConfigurationList section */
	};
	rootObject = 527487EC200AD0840084FB00 /* Project object */;
}
